
Microsoft Visual Studio Solution File, Format Version 12.00
# Visual Studio 15
VisualStudioVersion = 15.0.27428.2005
MinimumVisualStudioVersion = 10.0.40219.1
Project("{FAE04EC0-301F-11D3-BF4B-00C04F79EFBC}") = "Hello_World", "Hello_World\Hello_World.csproj", "{0BE59BE9-99AA-482C-A3EF-A5D52B746809}"
EndProject
Global
	GlobalSection(SolutionConfigurationPlatforms) = preSolution
		Debug|Any CPU = Debug|Any CPU
		Release|Any CPU = Release|Any CPU
	EndGlobalSection
	GlobalSection(ProjectConfigurationPlatforms) = postSolution
		{0BE59BE9-99AA-482C-A3EF-A5D52B746809}.Debug|Any CPU.ActiveCfg = Debug|Any CPU
		{0BE59BE9-99AA-482C-A3EF-A5D52B746809}.Debug|Any CPU.Build.0 = Debug|Any CPU
		{0BE59BE9-99AA-482C-A3EF-A5D52B746809}.Release|Any CPU.ActiveCfg = Release|Any CPU
		{0BE59BE9-99AA-482C-A3EF-A5D52B746809}.Release|Any CPU.Build.0 = Release|Any CPU
	EndGlobalSection
	GlobalSection(SolutionProperties) = preSolution
		HideSolutionNode = FALSE
	EndGlobalSection
	GlobalSection(ExtensibilityGlobals) = postSolution
		SolutionGuid = {3EEE5C6D-6FCE-49F2-8DB8-CF83852BB4CC}
	EndGlobalSection
EndGlobal
